
Microsoft Visual Studio Solution File, Format Version 12.00
# Visual Studio 15
VisualStudioVersion = 15.0.28010.2036
MinimumVisualStudioVersion = 10.0.40219.1
Project("{FAE04EC0-301F-11D3-BF4B-00C04F79EFBC}") = "ChatServer", "ProvaServer\ChatServer.csproj", "{FD71052F-871A-434F-8239-512F0016A7AF}"
EndProject
Global
	GlobalSection(SolutionConfigurationPlatforms) = preSolution
		Debug|Any CPU = Debug|Any CPU
		Release|Any CPU = Release|Any CPU
	EndGlobalSection
	GlobalSection(ProjectConfigurationPlatforms) = postSolution
		{FD71052F-871A-434F-8239-512F0016A7AF}.Debug|Any CPU.ActiveCfg = Debug|Any CPU
		{FD71052F-871A-434F-8239-512F0016A7AF}.Debug|Any CPU.Build.0 = Debug|Any CPU
		{FD71052F-871A-434F-8239-512F0016A7AF}.Release|Any CPU.ActiveCfg = Release|Any CPU
		{FD71052F-871A-434F-8239-512F0016A7AF}.Release|Any CPU.Build.0 = Release|Any CPU
	EndGlobalSection
	GlobalSection(SolutionProperties) = preSolution
		HideSolutionNode = FALSE
	EndGlobalSection
	GlobalSection(ExtensibilityGlobals) = postSolution
		SolutionGuid = {7722B14F-EA99-4B95-8BE2-23D586C840F3}
	EndGlobalSection
EndGlobal
